// !$*UTF8*$!
{
	archiveVersion = 1;
	classes = {
	};
	objectVersion = 51;
	objects = {

/* Begin PBXBuildFile section */
		35EA011C549E2037F968D663 /* Pods_InnocvPrueba.framework in Frameworks */ = {isa = PBXBuildFile; fileRef = 0CA7E857139321D976EC2B90 /* Pods_InnocvPrueba.framework */; };
		7360CAD954CAB4938BBA56BB /* Pods_InnocvPruebaTests.framework in Frameworks */ = {isa = PBXBuildFile; fileRef = 7363CBD1BC5449A41BA9B4E1 /* Pods_InnocvPruebaTests.framework */; };
		DD095DA423E5D048009AFACB /* UsersListDetailViewController.swift in Sources */ = {isa = PBXBuildFile; fileRef = DD095DA323E5D048009AFACB /* UsersListDetailViewController.swift */; };
		DD3F501523E5F40F00C664B1 /* Localizable.strings in Resources */ = {isa = PBXBuildFile; fileRef = DD3F501723E5F40F00C664B1 /* Localizable.strings */; };
		DDA44DAE23E509AA009D72D2 /* AppDelegate.swift in Sources */ = {isa = PBXBuildFile; fileRef = DDA44DAD23E509AA009D72D2 /* AppDelegate.swift */; };
		DDA44DB023E509AA009D72D2 /* SceneDelegate.swift in Sources */ = {isa = PBXBuildFile; fileRef = DDA44DAF23E509AA009D72D2 /* SceneDelegate.swift */; };
		DDA44DB223E509AA009D72D2 /* UsersListViewController.swift in Sources */ = {isa = PBXBuildFile; fileRef = DDA44DB123E509AA009D72D2 /* UsersListViewController.swift */; };
		DDA44DB523E509AA009D72D2 /* Main.storyboard in Resources */ = {isa = PBXBuildFile; fileRef = DDA44DB323E509AA009D72D2 /* Main.storyboard */; };
		DDA44DB723E509AB009D72D2 /* Assets.xcassets in Resources */ = {isa = PBXBuildFile; fileRef = DDA44DB623E509AB009D72D2 /* Assets.xcassets */; };
		DDA44DBA23E509AB009D72D2 /* LaunchScreen.storyboard in Resources */ = {isa = PBXBuildFile; fileRef = DDA44DB823E509AB009D72D2 /* LaunchScreen.storyboard */; };
		DDA44DC523E509AB009D72D2 /* InnocvPruebaTests.swift in Sources */ = {isa = PBXBuildFile; fileRef = DDA44DC423E509AB009D72D2 /* InnocvPruebaTests.swift */; };
		DDA44DD023E509AB009D72D2 /* InnocvPruebaUITests.swift in Sources */ = {isa = PBXBuildFile; fileRef = DDA44DCF23E509AB009D72D2 /* InnocvPruebaUITests.swift */; };
		DDA44DE623E50B62009D72D2 /* UsersViewCell.swift in Sources */ = {isa = PBXBuildFile; fileRef = DDA44DE523E50B61009D72D2 /* UsersViewCell.swift */; };
		DDA44DEA23E50BCE009D72D2 /* Extensions.swift in Sources */ = {isa = PBXBuildFile; fileRef = DDA44DE923E50BCE009D72D2 /* Extensions.swift */; };
		DDA44DEC23E50BF8009D72D2 /* User.swift in Sources */ = {isa = PBXBuildFile; fileRef = DDA44DEB23E50BF8009D72D2 /* User.swift */; };
		DDA44DEF23E50DF8009D72D2 /* DataMapper.swift in Sources */ = {isa = PBXBuildFile; fileRef = DDA44DEE23E50DF8009D72D2 /* DataMapper.swift */; };
		DDA44DF123E50ECF009D72D2 /* Connection.swift in Sources */ = {isa = PBXBuildFile; fileRef = DDA44DF023E50ECF009D72D2 /* Connection.swift */; };
		DDC6F8ED23E5A22D00169EA7 /* UsersListPresenter.swift in Sources */ = {isa = PBXBuildFile; fileRef = DDC6F8EC23E5A22D00169EA7 /* UsersListPresenter.swift */; };
		EDF28FD6B96DE792EF1F8FD8 /* Pods_InnocvPruebaUITests.framework in Frameworks */ = {isa = PBXBuildFile; fileRef = 48B5491C4A150D2E14310676 /* Pods_InnocvPruebaUITests.framework */; };
/* End PBXBuildFile section */

/* Begin PBXContainerItemProxy section */
		DDA44DC123E509AB009D72D2 /* PBXContainerItemProxy */ = {
			isa = PBXContainerItemProxy;
			containerPortal = DDA44DA223E509AA009D72D2 /* Project object */;
			proxyType = 1;
			remoteGlobalIDString = DDA44DA923E509AA009D72D2;
			remoteInfo = InnocvPrueba;
		};
		DDA44DCC23E509AB009D72D2 /* PBXContainerItemProxy */ = {
			isa = PBXContainerItemProxy;
			containerPortal = DDA44DA223E509AA009D72D2 /* Project object */;
			proxyType = 1;
			remoteGlobalIDString = DDA44DA923E509AA009D72D2;
			remoteInfo = InnocvPrueba;
		};
/* End PBXContainerItemProxy section */

/* Begin PBXFileReference section */
		0CA7E857139321D976EC2B90 /* Pods_InnocvPrueba.framework */ = {isa = PBXFileReference; explicitFileType = wrapper.framework; includeInIndex = 0; path = Pods_InnocvPrueba.framework; sourceTree = BUILT_PRODUCTS_DIR; };
		48B5491C4A150D2E14310676 /* Pods_InnocvPruebaUITests.framework */ = {isa = PBXFileReference; explicitFileType = wrapper.framework; includeInIndex = 0; path = Pods_InnocvPruebaUITests.framework; sourceTree = BUILT_PRODUCTS_DIR; };
		6CB04BC7D10D8E4E553FD6D2 /* Pods-InnocvPruebaTests.debug.xcconfig */ = {isa = PBXFileReference; includeInIndex = 1; lastKnownFileType = text.xcconfig; name = "Pods-InnocvPruebaTests.debug.xcconfig"; path = "Target Support Files/Pods-InnocvPruebaTests/Pods-InnocvPruebaTests.debug.xcconfig"; sourceTree = "<group>"; };
		7363CBD1BC5449A41BA9B4E1 /* Pods_InnocvPruebaTests.framework */ = {isa = PBXFileReference; explicitFileType = wrapper.framework; includeInIndex = 0; path = Pods_InnocvPruebaTests.framework; sourceTree = BUILT_PRODUCTS_DIR; };
		85058FD54A27CE01E449DA72 /* Pods-InnocvPrueba.release.xcconfig */ = {isa = PBXFileReference; includeInIndex = 1; lastKnownFileType = text.xcconfig; name = "Pods-InnocvPrueba.release.xcconfig"; path = "Target Support Files/Pods-InnocvPrueba/Pods-InnocvPrueba.release.xcconfig"; sourceTree = "<group>"; };
		89EC64EB691535ED698BDDEC /* Pods-InnocvPruebaUITests.release.xcconfig */ = {isa = PBXFileReference; includeInIndex = 1; lastKnownFileType = text.xcconfig; name = "Pods-InnocvPruebaUITests.release.xcconfig"; path = "Target Support Files/Pods-InnocvPruebaUITests/Pods-InnocvPruebaUITests.release.xcconfig"; sourceTree = "<group>"; };
		964DA9659AB2FFBB7DE1A8A3 /* Pods-InnocvPruebaUITests.debug.xcconfig */ = {isa = PBXFileReference; includeInIndex = 1; lastKnownFileType = text.xcconfig; name = "Pods-InnocvPruebaUITests.debug.xcconfig"; path = "Target Support Files/Pods-InnocvPruebaUITests/Pods-InnocvPruebaUITests.debug.xcconfig"; sourceTree = "<group>"; };
		DD095DA323E5D048009AFACB /* UsersListDetailViewController.swift */ = {isa = PBXFileReference; lastKnownFileType = sourcecode.swift; path = UsersListDetailViewController.swift; sourceTree = "<group>"; };
		DD3F500E23E5F33B00C664B1 /* es */ = {isa = PBXFileReference; lastKnownFileType = text.plist.strings; name = es; path = es.lproj/LaunchScreen.strings; sourceTree = "<group>"; };
		DD3F500F23E5F33B00C664B1 /* es */ = {isa = PBXFileReference; lastKnownFileType = text.plist.strings; name = es; path = es.lproj/Main.strings; sourceTree = "<group>"; };
		DD3F501123E5F35E00C664B1 /* en */ = {isa = PBXFileReference; lastKnownFileType = text.plist.strings; name = en; path = en.lproj/Main.strings; sourceTree = "<group>"; };
		DD3F501623E5F40F00C664B1 /* en */ = {isa = PBXFileReference; lastKnownFileType = text.plist.strings; name = en; path = en.lproj/Localizable.strings; sourceTree = "<group>"; };
		DD3F501823E5F41100C664B1 /* es */ = {isa = PBXFileReference; lastKnownFileType = text.plist.strings; name = es; path = es.lproj/Localizable.strings; sourceTree = "<group>"; };
		DDA44DAA23E509AA009D72D2 /* InnocvPrueba.app */ = {isa = PBXFileReference; explicitFileType = wrapper.application; includeInIndex = 0; path = InnocvPrueba.app; sourceTree = BUILT_PRODUCTS_DIR; };
		DDA44DAD23E509AA009D72D2 /* AppDelegate.swift */ = {isa = PBXFileReference; lastKnownFileType = sourcecode.swift; path = AppDelegate.swift; sourceTree = "<group>"; };
		DDA44DAF23E509AA009D72D2 /* SceneDelegate.swift */ = {isa = PBXFileReference; lastKnownFileType = sourcecode.swift; path = SceneDelegate.swift; sourceTree = "<group>"; };
		DDA44DB123E509AA009D72D2 /* UsersListViewController.swift */ = {isa = PBXFileReference; lastKnownFileType = sourcecode.swift; path = UsersListViewController.swift; sourceTree = "<group>"; };
		DDA44DB423E509AA009D72D2 /* Base */ = {isa = PBXFileReference; lastKnownFileType = file.storyboard; name = Base; path = Base.lproj/Main.storyboard; sourceTree = "<group>"; };
		DDA44DB623E509AB009D72D2 /* Assets.xcassets */ = {isa = PBXFileReference; lastKnownFileType = folder.assetcatalog; path = Assets.xcassets; sourceTree = "<group>"; };
		DDA44DB923E509AB009D72D2 /* Base */ = {isa = PBXFileReference; lastKnownFileType = file.storyboard; name = Base; path = Base.lproj/LaunchScreen.storyboard; sourceTree = "<group>"; };
		DDA44DBB23E509AB009D72D2 /* Info.plist */ = {isa = PBXFileReference; lastKnownFileType = text.plist.xml; path = Info.plist; sourceTree = "<group>"; };
		DDA44DC023E509AB009D72D2 /* InnocvPruebaTests.xctest */ = {isa = PBXFileReference; explicitFileType = wrapper.cfbundle; includeInIndex = 0; path = InnocvPruebaTests.xctest; sourceTree = BUILT_PRODUCTS_DIR; };
		DDA44DC423E509AB009D72D2 /* InnocvPruebaTests.swift */ = {isa = PBXFileReference; lastKnownFileType = sourcecode.swift; path = InnocvPruebaTests.swift; sourceTree = "<group>"; };
		DDA44DC623E509AB009D72D2 /* Info.plist */ = {isa = PBXFileReference; lastKnownFileType = text.plist.xml; path = Info.plist; sourceTree = "<group>"; };
		DDA44DCB23E509AB009D72D2 /* InnocvPruebaUITests.xctest */ = {isa = PBXFileReference; explicitFileType = wrapper.cfbundle; includeInIndex = 0; path = InnocvPruebaUITests.xctest; sourceTree = BUILT_PRODUCTS_DIR; };
		DDA44DCF23E509AB009D72D2 /* InnocvPruebaUITests.swift */ = {isa = PBXFileReference; lastKnownFileType = sourcecode.swift; path = InnocvPruebaUITests.swift; sourceTree = "<group>"; };
		DDA44DD123E509AB009D72D2 /* Info.plist */ = {isa = PBXFileReference; lastKnownFileType = text.plist.xml; path = Info.plist; sourceTree = "<group>"; };
		DDA44DE523E50B61009D72D2 /* UsersViewCell.swift */ = {isa = PBXFileReference; lastKnownFileType = sourcecode.swift; path = UsersViewCell.swift; sourceTree = "<group>"; };
		DDA44DE923E50BCE009D72D2 /* Extensions.swift */ = {isa = PBXFileReference; lastKnownFileType = sourcecode.swift; path = Extensions.swift; sourceTree = "<group>"; };
		DDA44DEB23E50BF8009D72D2 /* User.swift */ = {isa = PBXFileReference; lastKnownFileType = sourcecode.swift; path = User.swift; sourceTree = "<group>"; };
		DDA44DEE23E50DF8009D72D2 /* DataMapper.swift */ = {isa = PBXFileReference; lastKnownFileType = sourcecode.swift; path = DataMapper.swift; sourceTree = "<group>"; };
		DDA44DF023E50ECF009D72D2 /* Connection.swift */ = {isa = PBXFileReference; lastKnownFileType = sourcecode.swift; path = Connection.swift; sourceTree = "<group>"; };
		DDC6F8EC23E5A22D00169EA7 /* UsersListPresenter.swift */ = {isa = PBXFileReference; lastKnownFileType = sourcecode.swift; path = UsersListPresenter.swift; sourceTree = "<group>"; };
		E75EBE03AC0AFB0FBBFE4C28 /* Pods-InnocvPruebaTests.release.xcconfig */ = {isa = PBXFileReference; includeInIndex = 1; lastKnownFileType = text.xcconfig; name = "Pods-InnocvPruebaTests.release.xcconfig"; path = "Target Support Files/Pods-InnocvPruebaTests/Pods-InnocvPruebaTests.release.xcconfig"; sourceTree = "<group>"; };
		FEAC0B262838D16B322E4EA1 /* Pods-InnocvPrueba.debug.xcconfig */ = {isa = PBXFileReference; includeInIndex = 1; lastKnownFileType = text.xcconfig; name = "Pods-InnocvPrueba.debug.xcconfig"; path = "Target Support Files/Pods-InnocvPrueba/Pods-InnocvPrueba.debug.xcconfig"; sourceTree = "<group>"; };
/* End PBXFileReference section */

/* Begin PBXFrameworksBuildPhase section */
		DDA44DA723E509AA009D72D2 /* Frameworks */ = {
			isa = PBXFrameworksBuildPhase;
			buildActionMask = 2147483647;
			files = (
				35EA011C549E2037F968D663 /* Pods_InnocvPrueba.framework in Frameworks */,
			);
			runOnlyForDeploymentPostprocessing = 0;
		};
		DDA44DBD23E509AB009D72D2 /* Frameworks */ = {
			isa = PBXFrameworksBuildPhase;
			buildActionMask = 2147483647;
			files = (
				7360CAD954CAB4938BBA56BB /* Pods_InnocvPruebaTests.framework in Frameworks */,
			);
			runOnlyForDeploymentPostprocessing = 0;
		};
		DDA44DC823E509AB009D72D2 /* Frameworks */ = {
			isa = PBXFrameworksBuildPhase;
			buildActionMask = 2147483647;
			files = (
				EDF28FD6B96DE792EF1F8FD8 /* Pods_InnocvPruebaUITests.framework in Frameworks */,
			);
			runOnlyForDeploymentPostprocessing = 0;
		};
/* End PBXFrameworksBuildPhase section */

/* Begin PBXGroup section */
		0B227014AF5478C82C9D1A1D /* Frameworks */ = {
			isa = PBXGroup;
			children = (
				0CA7E857139321D976EC2B90 /* Pods_InnocvPrueba.framework */,
				7363CBD1BC5449A41BA9B4E1 /* Pods_InnocvPruebaTests.framework */,
				48B5491C4A150D2E14310676 /* Pods_InnocvPruebaUITests.framework */,
			);
			name = Frameworks;
			sourceTree = "<group>";
		};
		54D0F018F9803DF76B551D2F /* Pods */ = {
			isa = PBXGroup;
			children = (
				FEAC0B262838D16B322E4EA1 /* Pods-InnocvPrueba.debug.xcconfig */,
				85058FD54A27CE01E449DA72 /* Pods-InnocvPrueba.release.xcconfig */,
				6CB04BC7D10D8E4E553FD6D2 /* Pods-InnocvPruebaTests.debug.xcconfig */,
				E75EBE03AC0AFB0FBBFE4C28 /* Pods-InnocvPruebaTests.release.xcconfig */,
				964DA9659AB2FFBB7DE1A8A3 /* Pods-InnocvPruebaUITests.debug.xcconfig */,
				89EC64EB691535ED698BDDEC /* Pods-InnocvPruebaUITests.release.xcconfig */,
			);
			path = Pods;
			sourceTree = "<group>";
		};
		DDA44DA123E509AA009D72D2 = {
			isa = PBXGroup;
			children = (
				DDA44DAC23E509AA009D72D2 /* InnocvPrueba */,
				DDA44DC323E509AB009D72D2 /* InnocvPruebaTests */,
				DDA44DCE23E509AB009D72D2 /* InnocvPruebaUITests */,
				DDA44DAB23E509AA009D72D2 /* Products */,
				54D0F018F9803DF76B551D2F /* Pods */,
				0B227014AF5478C82C9D1A1D /* Frameworks */,
			);
			sourceTree = "<group>";
		};
		DDA44DAB23E509AA009D72D2 /* Products */ = {
			isa = PBXGroup;
			children = (
				DDA44DAA23E509AA009D72D2 /* InnocvPrueba.app */,
				DDA44DC023E509AB009D72D2 /* InnocvPruebaTests.xctest */,
				DDA44DCB23E509AB009D72D2 /* InnocvPruebaUITests.xctest */,
			);
			name = Products;
			sourceTree = "<group>";
		};
		DDA44DAC23E509AA009D72D2 /* InnocvPrueba */ = {
			isa = PBXGroup;
			children = (
				DDA44DBB23E509AB009D72D2 /* Info.plist */,
				DDA44DDD23E50A53009D72D2 /* App */,
				DDA44DDE23E50A5D009D72D2 /* Resources */,
				DDA44DE823E50B82009D72D2 /* Extensions */,
				DDA44DE123E50A7F009D72D2 /* Model */,
				DDA44DED23E50DE5009D72D2 /* Data */,
				DDA44DE023E50A6C009D72D2 /* Modules */,
				DDA44DDF23E50A66009D72D2 /* View */,
			);
			path = InnocvPrueba;
			sourceTree = "<group>";
		};
		DDA44DC323E509AB009D72D2 /* InnocvPruebaTests */ = {
			isa = PBXGroup;
			children = (
				DDA44DC423E509AB009D72D2 /* InnocvPruebaTests.swift */,
				DDA44DC623E509AB009D72D2 /* Info.plist */,
			);
			path = InnocvPruebaTests;
			sourceTree = "<group>";
		};
		DDA44DCE23E509AB009D72D2 /* InnocvPruebaUITests */ = {
			isa = PBXGroup;
			children = (
				DDA44DCF23E509AB009D72D2 /* InnocvPruebaUITests.swift */,
				DDA44DD123E509AB009D72D2 /* Info.plist */,
			);
			path = InnocvPruebaUITests;
			sourceTree = "<group>";
		};
		DDA44DDD23E50A53009D72D2 /* App */ = {
			isa = PBXGroup;
			children = (
				DDA44DAD23E509AA009D72D2 /* AppDelegate.swift */,
				DDA44DAF23E509AA009D72D2 /* SceneDelegate.swift */,
			);
			path = App;
			sourceTree = "<group>";
		};
		DDA44DDE23E50A5D009D72D2 /* Resources */ = {
			isa = PBXGroup;
			children = (
				DDA44DB623E509AB009D72D2 /* Assets.xcassets */,
				DD3F501723E5F40F00C664B1 /* Localizable.strings */,
			);
			path = Resources;
			sourceTree = "<group>";
		};
		DDA44DDF23E50A66009D72D2 /* View */ = {
			isa = PBXGroup;
			children = (
				DDA44DB823E509AB009D72D2 /* LaunchScreen.storyboard */,
				DDA44DB323E509AA009D72D2 /* Main.storyboard */,
			);
			path = View;
			sourceTree = "<group>";
		};
		DDA44DE023E50A6C009D72D2 /* Modules */ = {
			isa = PBXGroup;
			children = (
				DDA44DE223E50B17009D72D2 /* UsersList */,
			);
			path = Modules;
			sourceTree = "<group>";
		};
		DDA44DE123E50A7F009D72D2 /* Model */ = {
			isa = PBXGroup;
			children = (
				DDA44DEB23E50BF8009D72D2 /* User.swift */,
			);
			path = Model;
			sourceTree = "<group>";
		};
		DDA44DE223E50B17009D72D2 /* UsersList */ = {
			isa = PBXGroup;
			children = (
				DDC6F8EC23E5A22D00169EA7 /* UsersListPresenter.swift */,
				DDA44DE323E50B22009D72D2 /* Controller */,
				DDA44DE423E50B29009D72D2 /* Cell */,
			);
			path = UsersList;
			sourceTree = "<group>";
		};
		DDA44DE323E50B22009D72D2 /* Controller */ = {
			isa = PBXGroup;
			children = (
				DDA44DB123E509AA009D72D2 /* UsersListViewController.swift */,
				DD095DA323E5D048009AFACB /* UsersListDetailViewController.swift */,
			);
			path = Controller;
			sourceTree = "<group>";
		};
		DDA44DE423E50B29009D72D2 /* Cell */ = {
			isa = PBXGroup;
			children = (
				DDA44DE523E50B61009D72D2 /* UsersViewCell.swift */,
			);
			path = Cell;
			sourceTree = "<group>";
		};
		DDA44DE823E50B82009D72D2 /* Extensions */ = {
			isa = PBXGroup;
			children = (
				DDA44DE923E50BCE009D72D2 /* Extensions.swift */,
			);
			path = Extensions;
			sourceTree = "<group>";
		};
		DDA44DED23E50DE5009D72D2 /* Data */ = {
			isa = PBXGroup;
			children = (
				DDA44DEE23E50DF8009D72D2 /* DataMapper.swift */,
				DDA44DF023E50ECF009D72D2 /* Connection.swift */,
			);
			path = Data;
			sourceTree = "<group>";
		};
/* End PBXGroup section */

/* Begin PBXNativeTarget section */
		DDA44DA923E509AA009D72D2 /* InnocvPrueba */ = {
			isa = PBXNativeTarget;
			buildConfigurationList = DDA44DD423E509AB009D72D2 /* Build configuration list for PBXNativeTarget "InnocvPrueba" */;
			buildPhases = (
				A4C42CAAFBF58FB9B276E3DE /* [CP] Check Pods Manifest.lock */,
				DDA44DA623E509AA009D72D2 /* Sources */,
				DDA44DA723E509AA009D72D2 /* Frameworks */,
				DDA44DA823E509AA009D72D2 /* Resources */,
				E8B3C105625D540913D55815 /* [CP] Embed Pods Frameworks */,
			);
			buildRules = (
			);
			dependencies = (
			);
			name = InnocvPrueba;
			productName = InnocvPrueba;
			productReference = DDA44DAA23E509AA009D72D2 /* InnocvPrueba.app */;
			productType = "com.apple.product-type.application";
		};
		DDA44DBF23E509AB009D72D2 /* InnocvPruebaTests */ = {
			isa = PBXNativeTarget;
			buildConfigurationList = DDA44DD723E509AB009D72D2 /* Build configuration list for PBXNativeTarget "InnocvPruebaTests" */;
			buildPhases = (
				66903C766E4AE76DDF6CFA1A /* [CP] Check Pods Manifest.lock */,
				DDA44DBC23E509AB009D72D2 /* Sources */,
				DDA44DBD23E509AB009D72D2 /* Frameworks */,
				DDA44DBE23E509AB009D72D2 /* Resources */,
			);
			buildRules = (
			);
			dependencies = (
				DDA44DC223E509AB009D72D2 /* PBXTargetDependency */,
			);
			name = InnocvPruebaTests;
			productName = InnocvPruebaTests;
			productReference = DDA44DC023E509AB009D72D2 /* InnocvPruebaTests.xctest */;
			productType = "com.apple.product-type.bundle.unit-test";
		};
		DDA44DCA23E509AB009D72D2 /* InnocvPruebaUITests */ = {
			isa = PBXNativeTarget;
			buildConfigurationList = DDA44DDA23E509AB009D72D2 /* Build configuration list for PBXNativeTarget "InnocvPruebaUITests" */;
			buildPhases = (
				BA2564F1338F827C74F81FB8 /* [CP] Check Pods Manifest.lock */,
				DDA44DC723E509AB009D72D2 /* Sources */,
				DDA44DC823E509AB009D72D2 /* Frameworks */,
				DDA44DC923E509AB009D72D2 /* Resources */,
			);
			buildRules = (
			);
			dependencies = (
				DDA44DCD23E509AB009D72D2 /* PBXTargetDependency */,
			);
			name = InnocvPruebaUITests;
			productName = InnocvPruebaUITests;
			productReference = DDA44DCB23E509AB009D72D2 /* InnocvPruebaUITests.xctest */;
			productType = "com.apple.product-type.bundle.ui-testing";
		};
/* End PBXNativeTarget section */

/* Begin PBXProject section */
		DDA44DA223E509AA009D72D2 /* Project object */ = {
			isa = PBXProject;
			attributes = {
				LastSwiftUpdateCheck = 1100;
				LastUpgradeCheck = 1100;
				ORGANIZATIONNAME = "Manu Espeso";
				TargetAttributes = {
					DDA44DA923E509AA009D72D2 = {
						CreatedOnToolsVersion = 11.0;
					};
					DDA44DBF23E509AB009D72D2 = {
						CreatedOnToolsVersion = 11.0;
						TestTargetID = DDA44DA923E509AA009D72D2;
					};
					DDA44DCA23E509AB009D72D2 = {
						CreatedOnToolsVersion = 11.0;
						TestTargetID = DDA44DA923E509AA009D72D2;
					};
				};
			};
			buildConfigurationList = DDA44DA523E509AA009D72D2 /* Build configuration list for PBXProject "InnocvPrueba" */;
			compatibilityVersion = "Xcode 9.3";
			developmentRegion = en;
			hasScannedForEncodings = 0;
			knownRegions = (
				en,
				Base,
				es,
			);
			mainGroup = DDA44DA123E509AA009D72D2;
			productRefGroup = DDA44DAB23E509AA009D72D2 /* Products */;
			projectDirPath = "";
			projectRoot = "";
			targets = (
				DDA44DA923E509AA009D72D2 /* InnocvPrueba */,
				DDA44DBF23E509AB009D72D2 /* InnocvPruebaTests */,
				DDA44DCA23E509AB009D72D2 /* InnocvPruebaUITests */,
			);
		};
/* End PBXProject section */

/* Begin PBXResourcesBuildPhase section */
		DDA44DA823E509AA009D72D2 /* Resources */ = {
			isa = PBXResourcesBuildPhase;
			buildActionMask = 2147483647;
			files = (
				DDA44DBA23E509AB009D72D2 /* LaunchScreen.storyboard in Resources */,
				DD3F501523E5F40F00C664B1 /* Localizable.strings in Resources */,
				DDA44DB723E509AB009D72D2 /* Assets.xcassets in Resources */,
				DDA44DB523E509AA009D72D2 /* Main.storyboard in Resources */,
			);
			runOnlyForDeploymentPostprocessing = 0;
		};
		DDA44DBE23E509AB009D72D2 /* Resources */ = {
			isa = PBXResourcesBuildPhase;
			buildActionMask = 2147483647;
			files = (
			);
			runOnlyForDeploymentPostprocessing = 0;
		};
		DDA44DC923E509AB009D72D2 /* Resources */ = {
			isa = PBXResourcesBuildPhase;
			buildActionMask = 2147483647;
			files = (
			);
			runOnlyForDeploymentPostprocessing = 0;
		};
/* End PBXResourcesBuildPhase section */

/* Begin PBXShellScriptBuildPhase section */
		66903C766E4AE76DDF6CFA1A /* [CP] Check Pods Manifest.lock */ = {
			isa = PBXShellScriptBuildPhase;
			buildActionMask = 2147483647;
			files = (
			);
			inputFileListPaths = (
			);
			inputPaths = (
				"${PODS_PODFILE_DIR_PATH}/Podfile.lock",
				"${PODS_ROOT}/Manifest.lock",
			);
			name = "[CP] Check Pods Manifest.lock";
			outputFileListPaths = (
			);
			outputPaths = (
				"$(DERIVED_FILE_DIR)/Pods-InnocvPruebaTests-checkManifestLockResult.txt",
			);
			runOnlyForDeploymentPostprocessing = 0;
			shellPath = /bin/sh;
			shellScript = "diff \"${PODS_PODFILE_DIR_PATH}/Podfile.lock\" \"${PODS_ROOT}/Manifest.lock\" > /dev/null\nif [ $? != 0 ] ; then\n    # print error to STDERR\n    echo \"error: The sandbox is not in sync with the Podfile.lock. Run 'pod install' or update your CocoaPods installation.\" >&2\n    exit 1\nfi\n# This output is used by Xcode 'outputs' to avoid re-running this script phase.\necho \"SUCCESS\" > \"${SCRIPT_OUTPUT_FILE_0}\"\n";
			showEnvVarsInLog = 0;
		};
		A4C42CAAFBF58FB9B276E3DE /* [CP] Check Pods Manifest.lock */ = {
			isa = PBXShellScriptBuildPhase;
			buildActionMask = 2147483647;
			files = (
			);
			inputFileListPaths = (
			);
			inputPaths = (
				"${PODS_PODFILE_DIR_PATH}/Podfile.lock",
				"${PODS_ROOT}/Manifest.lock",
			);
			name = "[CP] Check Pods Manifest.lock";
			outputFileListPaths = (
			);
			outputPaths = (
				"$(DERIVED_FILE_DIR)/Pods-InnocvPrueba-checkManifestLockResult.txt",
			);
			runOnlyForDeploymentPostprocessing = 0;
			shellPath = /bin/sh;
			shellScript = "diff \"${PODS_PODFILE_DIR_PATH}/Podfile.lock\" \"${PODS_ROOT}/Manifest.lock\" > /dev/null\nif [ $? != 0 ] ; then\n    # print error to STDERR\n    echo \"error: The sandbox is not in sync with the Podfile.lock. Run 'pod install' or update your CocoaPods installation.\" >&2\n    exit 1\nfi\n# This output is used by Xcode 'outputs' to avoid re-running this script phase.\necho \"SUCCESS\" > \"${SCRIPT_OUTPUT_FILE_0}\"\n";
			showEnvVarsInLog = 0;
		};
		BA2564F1338F827C74F81FB8 /* [CP] Check Pods Manifest.lock */ = {
			isa = PBXShellScriptBuildPhase;
			buildActionMask = 2147483647;
			files = (
			);
			inputFileListPaths = (
			);
			inputPaths = (
				"${PODS_PODFILE_DIR_PATH}/Podfile.lock",
				"${PODS_ROOT}/Manifest.lock",
			);
			name = "[CP] Check Pods Manifest.lock";
			outputFileListPaths = (
			);
			outputPaths = (
				"$(DERIVED_FILE_DIR)/Pods-InnocvPruebaUITests-checkManifestLockResult.txt",
			);
			runOnlyForDeploymentPostprocessing = 0;
			shellPath = /bin/sh;
			shellScript = "diff \"${PODS_PODFILE_DIR_PATH}/Podfile.lock\" \"${PODS_ROOT}/Manifest.lock\" > /dev/null\nif [ $? != 0 ] ; then\n    # print error to STDERR\n    echo \"error: The sandbox is not in sync with the Podfile.lock. Run 'pod install' or update your CocoaPods installation.\" >&2\n    exit 1\nfi\n# This output is used by Xcode 'outputs' to avoid re-running this script phase.\necho \"SUCCESS\" > \"${SCRIPT_OUTPUT_FILE_0}\"\n";
			showEnvVarsInLog = 0;
		};
		E8B3C105625D540913D55815 /* [CP] Embed Pods Frameworks */ = {
			isa = PBXShellScriptBuildPhase;
			buildActionMask = 2147483647;
			files = (
			);
			inputFileListPaths = (
				"${PODS_ROOT}/Target Support Files/Pods-InnocvPrueba/Pods-InnocvPrueba-frameworks-${CONFIGURATION}-input-files.xcfilelist",
			);
			name = "[CP] Embed Pods Frameworks";
			outputFileListPaths = (
				"${PODS_ROOT}/Target Support Files/Pods-InnocvPrueba/Pods-InnocvPrueba-frameworks-${CONFIGURATION}-output-files.xcfilelist",
			);
			runOnlyForDeploymentPostprocessing = 0;
			shellPath = /bin/sh;
			shellScript = "\"${PODS_ROOT}/Target Support Files/Pods-InnocvPrueba/Pods-InnocvPrueba-frameworks.sh\"\n";
			showEnvVarsInLog = 0;
		};
/* End PBXShellScriptBuildPhase section */

/* Begin PBXSourcesBuildPhase section */
		DDA44DA623E509AA009D72D2 /* Sources */ = {
			isa = PBXSourcesBuildPhase;
			buildActionMask = 2147483647;
			files = (
				DD095DA423E5D048009AFACB /* UsersListDetailViewController.swift in Sources */,
				DDA44DEA23E50BCE009D72D2 /* Extensions.swift in Sources */,
				DDA44DB223E509AA009D72D2 /* UsersListViewController.swift in Sources */,
				DDA44DEF23E50DF8009D72D2 /* DataMapper.swift in Sources */,
				DDA44DF123E50ECF009D72D2 /* Connection.swift in Sources */,
				DDA44DEC23E50BF8009D72D2 /* User.swift in Sources */,
				DDA44DAE23E509AA009D72D2 /* AppDelegate.swift in Sources */,
				DDC6F8ED23E5A22D00169EA7 /* UsersListPresenter.swift in Sources */,
				DDA44DB023E509AA009D72D2 /* SceneDelegate.swift in Sources */,
				DDA44DE623E50B62009D72D2 /* UsersViewCell.swift in Sources */,
			);
			runOnlyForDeploymentPostprocessing = 0;
		};
		DDA44DBC23E509AB009D72D2 /* Sources */ = {
			isa = PBXSourcesBuildPhase;
			buildActionMask = 2147483647;
			files = (
				DDA44DC523E509AB009D72D2 /* InnocvPruebaTests.swift in Sources */,
			);
			runOnlyForDeploymentPostprocessing = 0;
		};
		DDA44DC723E509AB009D72D2 /* Sources */ = {
			isa = PBXSourcesBuildPhase;
			buildActionMask = 2147483647;
			files = (
				DDA44DD023E509AB009D72D2 /* InnocvPruebaUITests.swift in Sources */,
			);
			runOnlyForDeploymentPostprocessing = 0;
		};
/* End PBXSourcesBuildPhase section */

/* Begin PBXTargetDependency section */
		DDA44DC223E509AB009D72D2 /* PBXTargetDependency */ = {
			isa = PBXTargetDependency;
			target = DDA44DA923E509AA009D72D2 /* InnocvPrueba */;
			targetProxy = DDA44DC123E509AB009D72D2 /* PBXContainerItemProxy */;
		};
		DDA44DCD23E509AB009D72D2 /* PBXTargetDependency */ = {
			isa = PBXTargetDependency;
			target = DDA44DA923E509AA009D72D2 /* InnocvPrueba */;
			targetProxy = DDA44DCC23E509AB009D72D2 /* PBXContainerItemProxy */;
		};
/* End PBXTargetDependency section */

/* Begin PBXVariantGroup section */
		DD3F501723E5F40F00C664B1 /* Localizable.strings */ = {
			isa = PBXVariantGroup;
			children = (
				DD3F501623E5F40F00C664B1 /* en */,
				DD3F501823E5F41100C664B1 /* es */,
			);
			name = Localizable.strings;
			sourceTree = "<group>";
		};
		DDA44DB323E509AA009D72D2 /* Main.storyboard */ = {
			isa = PBXVariantGroup;
			children = (
				DDA44DB423E509AA009D72D2 /* Base */,
				DD3F500F23E5F33B00C664B1 /* es */,
				DD3F501123E5F35E00C664B1 /* en */,
			);
			name = Main.storyboard;
			sourceTree = "<group>";
		};
		DDA44DB823E509AB009D72D2 /* LaunchScreen.storyboard */ = {
			isa = PBXVariantGroup;
			children = (
				DDA44DB923E509AB009D72D2 /* Base */,
				DD3F500E23E5F33B00C664B1 /* es */,
			);
			name = LaunchScreen.storyboard;
			sourceTree = "<group>";
		};
/* End PBXVariantGroup section */

/* Begin XCBuildConfiguration section */
		DDA44DD223E509AB009D72D2 /* Debug */ = {
			isa = XCBuildConfiguration;
			buildSettings = {
				ALWAYS_SEARCH_USER_PATHS = NO;
				CLANG_ANALYZER_LOCALIZABILITY_NONLOCALIZED = YES;
				CLANG_ANALYZER_NONNULL = YES;
				CLANG_ANALYZER_NUMBER_OBJECT_CONVERSION = YES_AGGRESSIVE;
				CLANG_CXX_LANGUAGE_STANDARD = "gnu++14";
				CLANG_CXX_LIBRARY = "libc++";
				CLANG_ENABLE_MODULES = YES;
				CLANG_ENABLE_OBJC_ARC = YES;
				CLANG_ENABLE_OBJC_WEAK = YES;
				CLANG_WARN_BLOCK_CAPTURE_AUTORELEASING = YES;
				CLANG_WARN_BOOL_CONVERSION = YES;
				CLANG_WARN_COMMA = YES;
				CLANG_WARN_CONSTANT_CONVERSION = YES;
				CLANG_WARN_DEPRECATED_OBJC_IMPLEMENTATIONS = YES;
				CLANG_WARN_DIRECT_OBJC_ISA_USAGE = YES_ERROR;
				CLANG_WARN_DOCUMENTATION_COMMENTS = YES;
				CLANG_WARN_EMPTY_BODY = YES;
				CLANG_WARN_ENUM_CONVERSION = YES;
				CLANG_WARN_INFINITE_RECURSION = YES;
				CLANG_WARN_INT_CONVERSION = YES;
				CLANG_WARN_NON_LITERAL_NULL_CONVERSION = YES;
				CLANG_WARN_OBJC_IMPLICIT_RETAIN_SELF = YES;
				CLANG_WARN_OBJC_LITERAL_CONVERSION = YES;
				CLANG_WARN_OBJC_ROOT_CLASS = YES_ERROR;
				CLANG_WARN_RANGE_LOOP_ANALYSIS = YES;
				CLANG_WARN_STRICT_PROTOTYPES = YES;
				CLANG_WARN_SUSPICIOUS_MOVE = YES;
				CLANG_WARN_UNGUARDED_AVAILABILITY = YES_AGGRESSIVE;
				CLANG_WARN_UNREACHABLE_CODE = YES;
				CLANG_WARN__DUPLICATE_METHOD_MATCH = YES;
				COPY_PHASE_STRIP = NO;
				DEBUG_INFORMATION_FORMAT = dwarf;
				ENABLE_STRICT_OBJC_MSGSEND = YES;
				ENABLE_TESTABILITY = YES;
				GCC_C_LANGUAGE_STANDARD = gnu11;
				GCC_DYNAMIC_NO_PIC = NO;
				GCC_NO_COMMON_BLOCKS = YES;
				GCC_OPTIMIZATION_LEVEL = 0;
				GCC_PREPROCESSOR_DEFINITIONS = (
					"DEBUG=1",
					"$(inherited)",
				);
				GCC_WARN_64_TO_32_BIT_CONVERSION = YES;
				GCC_WARN_ABOUT_RETURN_TYPE = YES_ERROR;
				GCC_WARN_UNDECLARED_SELECTOR = YES;
				GCC_WARN_UNINITIALIZED_AUTOS = YES_AGGRESSIVE;
				GCC_WARN_UNUSED_FUNCTION = YES;
				GCC_WARN_UNUSED_VARIABLE = YES;
				IPHONEOS_DEPLOYMENT_TARGET = 13.0;
				MTL_ENABLE_DEBUG_INFO = INCLUDE_SOURCE;
				MTL_FAST_MATH = YES;
				ONLY_ACTIVE_ARCH = YES;
				SDKROOT = iphoneos;
				SWIFT_ACTIVE_COMPILATION_CONDITIONS = DEBUG;
				SWIFT_OPTIMIZATION_LEVEL = "-Onone";
			};
			name = Debug;
		};
		DDA44DD323E509AB009D72D2 /* Release */ = {
			isa = XCBuildConfiguration;
			buildSettings = {
				ALWAYS_SEARCH_USER_PATHS = NO;
				CLANG_ANALYZER_LOCALIZABILITY_NONLOCALIZED = YES;
				CLANG_ANALYZER_NONNULL = YES;
				CLANG_ANALYZER_NUMBER_OBJECT_CONVERSION = YES_AGGRESSIVE;
				CLANG_CXX_LANGUAGE_STANDARD = "gnu++14";
				CLANG_CXX_LIBRARY = "libc++";
				CLANG_ENABLE_MODULES = YES;
				CLANG_ENABLE_OBJC_ARC = YES;
				CLANG_ENABLE_OBJC_WEAK = YES;
				CLANG_WARN_BLOCK_CAPTURE_AUTORELEASING = YES;
				CLANG_WARN_BOOL_CONVERSION = YES;
				CLANG_WARN_COMMA = YES;
				CLANG_WARN_CONSTANT_CONVERSION = YES;
				CLANG_WARN_DEPRECATED_OBJC_IMPLEMENTATIONS = YES;
				CLANG_WARN_DIRECT_OBJC_ISA_USAGE = YES_ERROR;
				CLANG_WARN_DOCUMENTATION_COMMENTS = YES;
				CLANG_WARN_EMPTY_BODY = YES;
				CLANG_WARN_ENUM_CONVERSION = YES;
				CLANG_WARN_INFINITE_RECURSION = YES;
				CLANG_WARN_INT_CONVERSION = YES;
				CLANG_WARN_NON_LITERAL_NULL_CONVERSION = YES;
				CLANG_WARN_OBJC_IMPLICIT_RETAIN_SELF = YES;
				CLANG_WARN_OBJC_LITERAL_CONVERSION = YES;
				CLANG_WARN_OBJC_ROOT_CLASS = YES_ERROR;
				CLANG_WARN_RANGE_LOOP_ANALYSIS = YES;
				CLANG_WARN_STRICT_PROTOTYPES = YES;
				CLANG_WARN_SUSPICIOUS_MOVE = YES;
				CLANG_WARN_UNGUARDED_AVAILABILITY = YES_AGGRESSIVE;
				CLANG_WARN_UNREACHABLE_CODE = YES;
				CLANG_WARN__DUPLICATE_METHOD_MATCH = YES;
				COPY_PHASE_STRIP = NO;
				DEBUG_INFORMATION_FORMAT = "dwarf-with-dsym";
				ENABLE_NS_ASSERTIONS = NO;
				ENABLE_STRICT_OBJC_MSGSEND = YES;
				GCC_C_LANGUAGE_STANDARD = gnu11;
				GCC_NO_COMMON_BLOCKS = YES;
				GCC_WARN_64_TO_32_BIT_CONVERSION = YES;
				GCC_WARN_ABOUT_RETURN_TYPE = YES_ERROR;
				GCC_WARN_UNDECLARED_SELECTOR = YES;
				GCC_WARN_UNINITIALIZED_AUTOS = YES_AGGRESSIVE;
				GCC_WARN_UNUSED_FUNCTION = YES;
				GCC_WARN_UNUSED_VARIABLE = YES;
				IPHONEOS_DEPLOYMENT_TARGET = 13.0;
				MTL_ENABLE_DEBUG_INFO = NO;
				MTL_FAST_MATH = YES;
				SDKROOT = iphoneos;
				SWIFT_COMPILATION_MODE = wholemodule;
				SWIFT_OPTIMIZATION_LEVEL = "-O";
				VALIDATE_PRODUCT = YES;
			};
			name = Release;
		};
		DDA44DD523E509AB009D72D2 /* Debug */ = {
			isa = XCBuildConfiguration;
			baseConfigurationReference = FEAC0B262838D16B322E4EA1 /* Pods-InnocvPrueba.debug.xcconfig */;
			buildSettings = {
				ASSETCATALOG_COMPILER_APPICON_NAME = AppIcon;
				CODE_SIGN_STYLE = Automatic;
				INFOPLIST_FILE = InnocvPrueba/Info.plist;
				LD_RUNPATH_SEARCH_PATHS = (
					"$(inherited)",
					"@executable_path/Frameworks",
				);
				PRODUCT_BUNDLE_IDENTIFIER = com.manuespeso.InnocvPrueba;
				PRODUCT_NAME = "$(TARGET_NAME)";
				SWIFT_VERSION = 5.0;
				TARGETED_DEVICE_FAMILY = "1,2";
			};
			name = Debug;
		};
		DDA44DD623E509AB009D72D2 /* Release */ = {
			isa = XCBuildConfiguration;
			baseConfigurationReference = 85058FD54A27CE01E449DA72 /* Pods-InnocvPrueba.release.xcconfig */;
			buildSettings = {
				ASSETCATALOG_COMPILER_APPICON_NAME = AppIcon;
				CODE_SIGN_STYLE = Automatic;
				INFOPLIST_FILE = InnocvPrueba/Info.plist;
				LD_RUNPATH_SEARCH_PATHS = (
					"$(inherited)",
					"@executable_path/Frameworks",
				);
				PRODUCT_BUNDLE_IDENTIFIER = com.manuespeso.InnocvPrueba;
				PRODUCT_NAME = "$(TARGET_NAME)";
				SWIFT_VERSION = 5.0;
				TARGETED_DEVICE_FAMILY = "1,2";
			};
			name = Release;
		};
		DDA44DD823E509AB009D72D2 /* Debug */ = {
			isa = XCBuildConfiguration;
			baseConfigurationReference = 6CB04BC7D10D8E4E553FD6D2 /* Pods-InnocvPruebaTests.debug.xcconfig */;
			buildSettings = {
				ALWAYS_EMBED_SWIFT_STANDARD_LIBRARIES = YES;
				BUNDLE_LOADER = "$(TEST_HOST)";
				CODE_SIGN_STYLE = Automatic;
				INFOPLIST_FILE = InnocvPruebaTests/Info.plist;
				IPHONEOS_DEPLOYMENT_TARGET = 13.0;
				LD_RUNPATH_SEARCH_PATHS = (
					"$(inherited)",
					"@executable_path/Frameworks",
					"@loader_path/Frameworks",
				);
				PRODUCT_BUNDLE_IDENTIFIER = com.manuespeso.InnocvPruebaTests;
				PRODUCT_NAME = "$(TARGET_NAME)";
				SWIFT_VERSION = 5.0;
				TARGETED_DEVICE_FAMILY = "1,2";
				TEST_HOST = "$(BUILT_PRODUCTS_DIR)/InnocvPrueba.app/InnocvPrueba";
			};
			name = Debug;
		};
		DDA44DD923E509AB009D72D2 /* Release */ = {
			isa = XCBuildConfiguration;
			baseConfigurationReference = E75EBE03AC0AFB0FBBFE4C28 /* Pods-InnocvPruebaTests.release.xcconfig */;
			buildSettings = {
				ALWAYS_EMBED_SWIFT_STANDARD_LIBRARIES = YES;
				BUNDLE_LOADER = "$(TEST_HOST)";
				CODE_SIGN_STYLE = Automatic;
				INFOPLIST_FILE = InnocvPruebaTests/Info.plist;
				IPHONEOS_DEPLOYMENT_TARGET = 13.0;
				LD_RUNPATH_SEARCH_PATHS = (
					"$(inherited)",
					"@executable_path/Frameworks",
					"@loader_path/Frameworks",
				);
				PRODUCT_BUNDLE_IDENTIFIER = com.manuespeso.InnocvPruebaTests;
				PRODUCT_NAME = "$(TARGET_NAME)";
				SWIFT_VERSION = 5.0;
				TARGETED_DEVICE_FAMILY = "1,2";
				TEST_HOST = "$(BUILT_PRODUCTS_DIR)/InnocvPrueba.app/InnocvPrueba";
			};
			name = Release;
		};
		DDA44DDB23E509AB009D72D2 /* Debug */ = {
			isa = XCBuildConfiguration;
			baseConfigurationReference = 964DA9659AB2FFBB7DE1A8A3 /* Pods-InnocvPruebaUITests.debug.xcconfig */;
			buildSettings = {
				ALWAYS_EMBED_SWIFT_STANDARD_LIBRARIES = YES;
				CODE_SIGN_STYLE = Automatic;
				INFOPLIST_FILE = InnocvPruebaUITests/Info.plist;
				LD_RUNPATH_SEARCH_PATHS = (
					"$(inherited)",
					"@executable_path/Frameworks",
					"@loader_path/Frameworks",
				);
				PRODUCT_BUNDLE_IDENTIFIER = com.manuespeso.InnocvPruebaUITests;
				PRODUCT_NAME = "$(TARGET_NAME)";
				SWIFT_VERSION = 5.0;
				TARGETED_DEVICE_FAMILY = "1,2";
				TEST_TARGET_NAME = InnocvPrueba;
			};
			name = Debug;
		};
		DDA44DDC23E509AB009D72D2 /* Release */ = {
			isa = XCBuildConfiguration;
			baseConfigurationReference = 89EC64EB691535ED698BDDEC /* Pods-InnocvPruebaUITests.release.xcconfig */;
			buildSettings = {
				ALWAYS_EMBED_SWIFT_STANDARD_LIBRARIES = YES;
				CODE_SIGN_STYLE = Automatic;
				INFOPLIST_FILE = InnocvPruebaUITests/Info.plist;
				LD_RUNPATH_SEARCH_PATHS = (
					"$(inherited)",
					"@executable_path/Frameworks",
					"@loader_path/Frameworks",
				);
				PRODUCT_BUNDLE_IDENTIFIER = com.manuespeso.InnocvPruebaUITests;
				PRODUCT_NAME = "$(TARGET_NAME)";
				SWIFT_VERSION = 5.0;
				TARGETED_DEVICE_FAMILY = "1,2";
				TEST_TARGET_NAME = InnocvPrueba;
			};
			name = Release;
		};
/* End XCBuildConfiguration section */

/* Begin XCConfigurationList section */
		DDA44DA523E509AA009D72D2 /* Build configuration list for PBXProject "InnocvPrueba" */ = {
			isa = XCConfigurationList;
			buildConfigurations = (
				DDA44DD223E509AB009D72D2 /* Debug */,
				DDA44DD323E509AB009D72D2 /* Release */,
			);
			defaultConfigurationIsVisible = 0;
			defaultConfigurationName = Release;
		};
		DDA44DD423E509AB009D72D2 /* Build configuration list for PBXNativeTarget "InnocvPrueba" */ = {
			isa = XCConfigurationList;
			buildConfigurations = (
				DDA44DD523E509AB009D72D2 /* Debug */,
				DDA44DD623E509AB009D72D2 /* Release */,
			);
			defaultConfigurationIsVisible = 0;
			defaultConfigurationName = Release;
		};
		DDA44DD723E509AB009D72D2 /* Build configuration list for PBXNativeTarget "InnocvPruebaTests" */ = {
			isa = XCConfigurationList;
			buildConfigurations = (
				DDA44DD823E509AB009D72D2 /* Debug */,
				DDA44DD923E509AB009D72D2 /* Release */,
			);
			defaultConfigurationIsVisible = 0;
			defaultConfigurationName = Release;
		};
		DDA44DDA23E509AB009D72D2 /* Build configuration list for PBXNativeTarget "InnocvPruebaUITests" */ = {
			isa = XCConfigurationList;
			buildConfigurations = (
				DDA44DDB23E509AB009D72D2 /* Debug */,
				DDA44DDC23E509AB009D72D2 /* Release */,
			);
			defaultConfigurationIsVisible = 0;
			defaultConfigurationName = Release;
		};
/* End XCConfigurationList section */
	};
	rootObject = DDA44DA223E509AA009D72D2 /* Project object */;
}
